{
  "name": "zemond",
  "version": "1.0.0",
  "lockfileVersion": 2,
  "requires": true,
  "packages": {
    "": {
      "name": "zemond",
      "version": "1.0.0",
      "license": "ISC",
      "dependencies": {
        "mediasoup-client-aiortc": "^3.7.1",
        "webrtc-adapter": "^8.2.0"
      }
    },
    "node_modules/@types/debug": {
      "version": "4.1.7",
      "resolved": "https://registry.npmjs.org/@types/debug/-/debug-4.1.7.tgz",
      "integrity": "sha512-9AonUzyTjXXhEOa0DnqpzZi6VHlqKMswga9EXjpXnnqxwLtdvPPtlO8evrI5D9S6asFRCQ6v+wpiUKbw+vKqyg==",
      "dependencies": {
        "@types/ms": "*"
      }
    },
    "node_modules/@types/events": {
      "version": "3.0.0",
      "resolved": "https://registry.npmjs.org/@types/events/-/events-3.0.0.tgz",
      "integrity": "sha512-EaObqwIvayI5a8dCzhFrjKzVwKLxjoG9T6Ppd5CEo07LRKfQ8Yokw54r5+Wq7FaBQ+yXRvQAYPrHwya1/UFt9g=="
    },
    "node_modules/@types/ms": {
      "version": "0.7.31",
      "resolved": "https://registry.npmjs.org/@types/ms/-/ms-0.7.31.tgz",
      "integrity": "sha512-iiUgKzV9AuaEkZqkOLDIvlQiL6ltuZd9tGcW3gwpnX8JbuiuhFlEGmmFXEXkN50Cvq7Os88IY2v0dkDqXYWVgA=="
    },
    "node_modules/awaitqueue": {
      "version": "2.4.0",
      "resolved": "https://registry.npmjs.org/awaitqueue/-/awaitqueue-2.4.0.tgz",
      "integrity": "sha512-9nTnPxVuxiuKFTHslm9ltnekUECJidOQ5kE6JpZUH77KrKqStQuWUW7JPB2GJZ7rOwWLcbToHiIXle/nJe1VpQ==",
      "engines": {
        "node": ">=8.0.0"
      }
    },
    "node_modules/bowser": {
      "version": "2.11.0",
      "resolved": "https://registry.npmjs.org/bowser/-/bowser-2.11.0.tgz",
      "integrity": "sha512-AlcaJBi/pqqJBIQ8U9Mcpc9i8Aqxn88Skv5d+xBX006BY5u8N3mGLHa5Lgppa7L/HfwgwLgZ6NYs+Ag6uUmJRA=="
    },
    "node_modules/debug": {
      "version": "4.3.4",
      "resolved": "https://registry.npmjs.org/debug/-/debug-4.3.4.tgz",
      "integrity": "sha512-PRWFHuSU3eDtQJPvnNY7Jcket1j0t5OuOsFzPPzsekD52Zl8qUfFIPEiswXqIvHWGVHOgX+7G/vCNNhehwxfkQ==",
      "dependencies": {
        "ms": "2.1.2"
      },
      "engines": {
        "node": ">=6.0"
      },
      "peerDependenciesMeta": {
        "supports-color": {
          "optional": true
        }
      }
    },
    "node_modules/event-target-shim": {
      "version": "6.0.2",
      "resolved": "https://registry.npmjs.org/event-target-shim/-/event-target-shim-6.0.2.tgz",
      "integrity": "sha512-8q3LsZjRezbFZ2PN+uP+Q7pnHUMmAOziU2vA2OwoFaKIXxlxl38IylhSSgUorWu/rf4er67w0ikBqjBFk/pomA==",
      "engines": {
        "node": ">=10.13.0"
      },
      "funding": {
        "url": "https://github.com/sponsors/mysticatea"
      }
    },
    "node_modules/events": {
      "version": "3.3.0",
      "resolved": "https://registry.npmjs.org/events/-/events-3.3.0.tgz",
      "integrity": "sha512-mQw+2fkQbALzQ7V0MY0IqdnXNOeTtP4r0lN9z7AAawCXgqea7bDii20AYrIBrFd/Hx0M2Ocz6S111CaFkUcb0Q==",
      "engines": {
        "node": ">=0.8.x"
      }
    },
    "node_modules/fake-mediastreamtrack": {
      "version": "1.1.6",
      "resolved": "https://registry.npmjs.org/fake-mediastreamtrack/-/fake-mediastreamtrack-1.1.6.tgz",
      "integrity": "sha512-lcoO5oPsW57istAsnjvQxNjBEahi18OdUhWfmEewwfPfzNZnji5OXuodQM+VnUPi/1HnQRJ6gBUjbt1TNXrkjQ==",
      "dependencies": {
        "event-target-shim": "^5.0.1",
        "uuid": "^8.1.0"
      }
    },
    "node_modules/fake-mediastreamtrack/node_modules/event-target-shim": {
      "version": "5.0.1",
      "resolved": "https://registry.npmjs.org/event-target-shim/-/event-target-shim-5.0.1.tgz",
      "integrity": "sha512-i/2XbnSz/uxRCU6+NdVJgKWDTM427+MqYbkQzD321DuCQJUqOuJKIA0IM2+W2xtYHdKOmZ4dR6fExsd4SXL+WQ==",
      "engines": {
        "node": ">=6"
      }
    },
    "node_modules/h264-profile-level-id": {
      "version": "1.0.1",
      "resolved": "https://registry.npmjs.org/h264-profile-level-id/-/h264-profile-level-id-1.0.1.tgz",
      "integrity": "sha512-D3Rln/jKNjKDW5ZTJTK3niSoOGE+pFqPvRHHVgQN3G7umcn/zWGPUo8Q8VpDj16x3hKz++zVviRNRmXu5cpN+Q==",
      "dependencies": {
        "debug": "^4.1.1"
      },
      "engines": {
        "node": ">=8.0.0"
      }
    },
    "node_modules/mediasoup-client": {
      "version": "3.6.57",
      "resolved": "https://registry.npmjs.org/mediasoup-client/-/mediasoup-client-3.6.57.tgz",
      "integrity": "sha512-/DHOpgyebCgNIFZ8ZmOZXMPXklyFxTPJa3IoVybG7cghMetMeqvGiOhzgR5i/uoMZ1CMGsOCBF9+604gyBzt4w==",
      "dependencies": {
        "@types/debug": "^4.1.7",
        "@types/events": "^3.0.0",
        "awaitqueue": "^2.4.0",
        "bowser": "^2.11.0",
        "debug": "^4.3.4",
        "events": "^3.3.0",
        "fake-mediastreamtrack": "^1.1.6",
        "h264-profile-level-id": "^1.0.1",
        "sdp-transform": "^2.14.1",
        "supports-color": "^9.2.2"
      },
      "engines": {
        "node": ">=10"
      },
      "funding": {
        "type": "opencollective",
        "url": "https://opencollective.com/mediasoup"
      }
    },
    "node_modules/mediasoup-client-aiortc": {
      "version": "3.7.1",
      "resolved": "https://registry.npmjs.org/mediasoup-client-aiortc/-/mediasoup-client-aiortc-3.7.1.tgz",
      "integrity": "sha512-M1dMQJT+iJvD9JRnYHkNeGZcQbLPBcrB5FIMzJWeE4hSlUMk007PpY3w6A0CoeADkrdkqm4FDhHGR8s7ULZxFw==",
      "hasInstallScript": true,
      "os": [
        "!win32"
      ],
      "dependencies": {
        "event-target-shim": "^6.0.2",
        "fake-mediastreamtrack": "^1.1.6",
        "mediasoup-client": "^3.6.56",
        "netstring": "^0.3.0",
        "sdp-transform": "^2.14.1",
        "uuid": "^8.3.2"
      },
      "engines": {
        "node": ">=8.6.0"
      },
      "funding": {
        "type": "opencollective",
        "url": "https://opencollective.com/mediasoup"
      }
    },
    "node_modules/ms": {
      "version": "2.1.2",
      "resolved": "https://registry.npmjs.org/ms/-/ms-2.1.2.tgz",
      "integrity": "sha512-sGkPx+VjMtmA6MX27oA4FBFELFCZZ4S4XqeGOXCv68tT+jb3vk/RyaKWP0PTKyWtmLSM0b+adUTEvbs1PEaH2w=="
    },
    "node_modules/netstring": {
      "version": "0.3.0",
      "resolved": "https://registry.npmjs.org/netstring/-/netstring-0.3.0.tgz",
      "integrity": "sha512-zTXpGlbh5IDsH2+cf1esHnzZn6F3N55bmfdKq0kCGaIYb68RCIsD2MGk8L7yi0Nyh1Us/Mn22eHb5VKhAM6iQw==",
      "engines": {
        "node": ">=0.6"
      }
    },
    "node_modules/sdp": {
      "version": "3.0.3",
      "resolved": "https://registry.npmjs.org/sdp/-/sdp-3.0.3.tgz",
      "integrity": "sha512-8EkfckS+XZQaPLyChu4ey7PghrdcraCVNpJe2Gfdi2ON1ylQ7OasuKX+b37R9slnRChwIAiQgt+oj8xXGD8x+A=="
    },
    "node_modules/sdp-transform": {
      "version": "2.14.1",
      "resolved": "https://registry.npmjs.org/sdp-transform/-/sdp-transform-2.14.1.tgz",
      "integrity": "sha512-RjZyX3nVwJyCuTo5tGPx+PZWkDMCg7oOLpSlhjDdZfwUoNqG1mM8nyj31IGHyaPWXhjbP7cdK3qZ2bmkJ1GzRw==",
      "bin": {
        "sdp-verify": "checker.js"
      }
    },
    "node_modules/supports-color": {
      "version": "9.2.3",
      "resolved": "https://registry.npmjs.org/supports-color/-/supports-color-9.2.3.tgz",
      "integrity": "sha512-aszYUX/DVK/ed5rFLb/dDinVJrQjG/vmU433wtqVSD800rYsJNWxh2R3USV90aLSU+UsyQkbNeffVLzc6B6foA==",
      "engines": {
        "node": ">=12"
      },
      "funding": {
        "url": "https://github.com/chalk/supports-color?sponsor=1"
      }
    },
    "node_modules/uuid": {
      "version": "8.3.2",
      "resolved": "https://registry.npmjs.org/uuid/-/uuid-8.3.2.tgz",
      "integrity": "sha512-+NYs2QeMWy+GWFOEm9xnn6HCDp0l7QBD7ml8zLUmJ+93Q5NF0NocErnwkTkXVFNiX3/fpC6afS8Dhb/gz7R7eg==",
      "bin": {
        "uuid": "dist/bin/uuid"
      }
    },
    "node_modules/webrtc-adapter": {
      "version": "8.2.0",
      "resolved": "https://registry.npmjs.org/webrtc-adapter/-/webrtc-adapter-8.2.0.tgz",
      "integrity": "sha512-umxCMgedPAVq4Pe/jl3xmelLXLn4XZWFEMR5Iipb5wJ+k1xMX0yC4ZY9CueZUU1MjapFxai1tFGE7R/kotH6Ww==",
      "dependencies": {
        "sdp": "^3.0.2"
      },
      "engines": {
        "node": ">=6.0.0",
        "npm": ">=3.10.0"
      }
    }
  },
  "dependencies": {
    "@types/debug": {
      "version": "4.1.7",
      "resolved": "https://registry.npmjs.org/@types/debug/-/debug-4.1.7.tgz",
      "integrity": "sha512-9AonUzyTjXXhEOa0DnqpzZi6VHlqKMswga9EXjpXnnqxwLtdvPPtlO8evrI5D9S6asFRCQ6v+wpiUKbw+vKqyg==",
      "requires": {
        "@types/ms": "*"
      }
    },
    "@types/events": {
      "version": "3.0.0",
      "resolved": "https://registry.npmjs.org/@types/events/-/events-3.0.0.tgz",
      "integrity": "sha512-EaObqwIvayI5a8dCzhFrjKzVwKLxjoG9T6Ppd5CEo07LRKfQ8Yokw54r5+Wq7FaBQ+yXRvQAYPrHwya1/UFt9g=="
    },
    "@types/ms": {
      "version": "0.7.31",
      "resolved": "https://registry.npmjs.org/@types/ms/-/ms-0.7.31.tgz",
      "integrity": "sha512-iiUgKzV9AuaEkZqkOLDIvlQiL6ltuZd9tGcW3gwpnX8JbuiuhFlEGmmFXEXkN50Cvq7Os88IY2v0dkDqXYWVgA=="
    },
    "awaitqueue": {
      "version": "2.4.0",
      "resolved": "https://registry.npmjs.org/awaitqueue/-/awaitqueue-2.4.0.tgz",
      "integrity": "sha512-9nTnPxVuxiuKFTHslm9ltnekUECJidOQ5kE6JpZUH77KrKqStQuWUW7JPB2GJZ7rOwWLcbToHiIXle/nJe1VpQ=="
    },
    "bowser": {
      "version": "2.11.0",
      "resolved": "https://registry.npmjs.org/bowser/-/bowser-2.11.0.tgz",
      "integrity": "sha512-AlcaJBi/pqqJBIQ8U9Mcpc9i8Aqxn88Skv5d+xBX006BY5u8N3mGLHa5Lgppa7L/HfwgwLgZ6NYs+Ag6uUmJRA=="
    },
    "debug": {
      "version": "4.3.4",
      "resolved": "https://registry.npmjs.org/debug/-/debug-4.3.4.tgz",
      "integrity": "sha512-PRWFHuSU3eDtQJPvnNY7Jcket1j0t5OuOsFzPPzsekD52Zl8qUfFIPEiswXqIvHWGVHOgX+7G/vCNNhehwxfkQ==",
      "requires": {
        "ms": "2.1.2"
      }
    },
    "event-target-shim": {
      "version": "6.0.2",
      "resolved": "https://registry.npmjs.org/event-target-shim/-/event-target-shim-6.0.2.tgz",
      "integrity": "sha512-8q3LsZjRezbFZ2PN+uP+Q7pnHUMmAOziU2vA2OwoFaKIXxlxl38IylhSSgUorWu/rf4er67w0ikBqjBFk/pomA=="
    },
    "events": {
      "version": "3.3.0",
      "resolved": "https://registry.npmjs.org/events/-/events-3.3.0.tgz",
      "integrity": "sha512-mQw+2fkQbALzQ7V0MY0IqdnXNOeTtP4r0lN9z7AAawCXgqea7bDii20AYrIBrFd/Hx0M2Ocz6S111CaFkUcb0Q=="
    },
    "fake-mediastreamtrack": {
      "version": "1.1.6",
      "resolved": "https://registry.npmjs.org/fake-mediastreamtrack/-/fake-mediastreamtrack-1.1.6.tgz",
      "integrity": "sha512-lcoO5oPsW57istAsnjvQxNjBEahi18OdUhWfmEewwfPfzNZnji5OXuodQM+VnUPi/1HnQRJ6gBUjbt1TNXrkjQ==",
      "requires": {
        "event-target-shim": "^5.0.1",
        "uuid": "^8.1.0"
      },
      "dependencies": {
        "event-target-shim": {
          "version": "5.0.1",
          "resolved": "https://registry.npmjs.org/event-target-shim/-/event-target-shim-5.0.1.tgz",
          "integrity": "sha512-i/2XbnSz/uxRCU6+NdVJgKWDTM427+MqYbkQzD321DuCQJUqOuJKIA0IM2+W2xtYHdKOmZ4dR6fExsd4SXL+WQ=="
        }
      }
    },
    "h264-profile-level-id": {
      "version": "1.0.1",
      "resolved": "https://registry.npmjs.org/h264-profile-level-id/-/h264-profile-level-id-1.0.1.tgz",
      "integrity": "sha512-D3Rln/jKNjKDW5ZTJTK3niSoOGE+pFqPvRHHVgQN3G7umcn/zWGPUo8Q8VpDj16x3hKz++zVviRNRmXu5cpN+Q==",
      "requires": {
        "debug": "^4.1.1"
      }
    },
    "mediasoup-client": {
      "version": "3.6.57",
      "resolved": "https://registry.npmjs.org/mediasoup-client/-/mediasoup-client-3.6.57.tgz",
      "integrity": "sha512-/DHOpgyebCgNIFZ8ZmOZXMPXklyFxTPJa3IoVybG7cghMetMeqvGiOhzgR5i/uoMZ1CMGsOCBF9+604gyBzt4w==",
      "requires": {
        "@types/debug": "^4.1.7",
        "@types/events": "^3.0.0",
        "awaitqueue": "^2.4.0",
        "bowser": "^2.11.0",
        "debug": "^4.3.4",
        "events": "^3.3.0",
        "fake-mediastreamtrack": "^1.1.6",
        "h264-profile-level-id": "^1.0.1",
        "sdp-transform": "^2.14.1",
        "supports-color": "^9.2.2"
      }
    },
    "mediasoup-client-aiortc": {
      "version": "3.7.1",
      "resolved": "https://registry.npmjs.org/mediasoup-client-aiortc/-/mediasoup-client-aiortc-3.7.1.tgz",
      "integrity": "sha512-M1dMQJT+iJvD9JRnYHkNeGZcQbLPBcrB5FIMzJWeE4hSlUMk007PpY3w6A0CoeADkrdkqm4FDhHGR8s7ULZxFw==",
      "requires": {
        "event-target-shim": "^6.0.2",
        "fake-mediastreamtrack": "^1.1.6",
        "mediasoup-client": "^3.6.56",
        "netstring": "^0.3.0",
        "sdp-transform": "^2.14.1",
        "uuid": "^8.3.2"
      }
    },
    "ms": {
      "version": "2.1.2",
      "resolved": "https://registry.npmjs.org/ms/-/ms-2.1.2.tgz",
      "integrity": "sha512-sGkPx+VjMtmA6MX27oA4FBFELFCZZ4S4XqeGOXCv68tT+jb3vk/RyaKWP0PTKyWtmLSM0b+adUTEvbs1PEaH2w=="
    },
    "netstring": {
      "version": "0.3.0",
      "resolved": "https://registry.npmjs.org/netstring/-/netstring-0.3.0.tgz",
      "integrity": "sha512-zTXpGlbh5IDsH2+cf1esHnzZn6F3N55bmfdKq0kCGaIYb68RCIsD2MGk8L7yi0Nyh1Us/Mn22eHb5VKhAM6iQw=="
    },
    "sdp": {
      "version": "3.0.3",
      "resolved": "https://registry.npmjs.org/sdp/-/sdp-3.0.3.tgz",
      "integrity": "sha512-8EkfckS+XZQaPLyChu4ey7PghrdcraCVNpJe2Gfdi2ON1ylQ7OasuKX+b37R9slnRChwIAiQgt+oj8xXGD8x+A=="
    },
    "sdp-transform": {
      "version": "2.14.1",
      "resolved": "https://registry.npmjs.org/sdp-transform/-/sdp-transform-2.14.1.tgz",
      "integrity": "sha512-RjZyX3nVwJyCuTo5tGPx+PZWkDMCg7oOLpSlhjDdZfwUoNqG1mM8nyj31IGHyaPWXhjbP7cdK3qZ2bmkJ1GzRw=="
    },
    "supports-color": {
      "version": "9.2.3",
      "resolved": "https://registry.npmjs.org/supports-color/-/supports-color-9.2.3.tgz",
      "integrity": "sha512-aszYUX/DVK/ed5rFLb/dDinVJrQjG/vmU433wtqVSD800rYsJNWxh2R3USV90aLSU+UsyQkbNeffVLzc6B6foA=="
    },
    "uuid": {
      "version": "8.3.2",
      "resolved": "https://registry.npmjs.org/uuid/-/uuid-8.3.2.tgz",
      "integrity": "sha512-+NYs2QeMWy+GWFOEm9xnn6HCDp0l7QBD7ml8zLUmJ+93Q5NF0NocErnwkTkXVFNiX3/fpC6afS8Dhb/gz7R7eg=="
    },
    "webrtc-adapter": {
      "version": "8.2.0",
      "resolved": "https://registry.npmjs.org/webrtc-adapter/-/webrtc-adapter-8.2.0.tgz",
      "integrity": "sha512-umxCMgedPAVq4Pe/jl3xmelLXLn4XZWFEMR5Iipb5wJ+k1xMX0yC4ZY9CueZUU1MjapFxai1tFGE7R/kotH6Ww==",
      "requires": {
        "sdp": "^3.0.2"
      }
    }
  }
}
